
Microsoft Visual Studio Solution File, Format Version 12.00
# Visual Studio Version 16
VisualStudioVersion = 16.0.30804.86
MinimumVisualStudioVersion = 10.0.40219.1
Project("{FAE04EC0-301F-11D3-BF4B-00C04F79EFBC}") = "BPBugTracker", "BPBugTracker\BPBugTracker.csproj", "{36C4414E-DFB1-4A31-A909-434AC4E7EB33}"
EndProject
Global
	GlobalSection(SolutionConfigurationPlatforms) = preSolution
		Debug|Any CPU = Debug|Any CPU
		Release|Any CPU = Release|Any CPU
	EndGlobalSection
	GlobalSection(ProjectConfigurationPlatforms) = postSolution
		{36C4414E-DFB1-4A31-A909-434AC4E7EB33}.Debug|Any CPU.ActiveCfg = Debug|Any CPU
		{36C4414E-DFB1-4A31-A909-434AC4E7EB33}.Debug|Any CPU.Build.0 = Debug|Any CPU
		{36C4414E-DFB1-4A31-A909-434AC4E7EB33}.Release|Any CPU.ActiveCfg = Release|Any CPU
		{36C4414E-DFB1-4A31-A909-434AC4E7EB33}.Release|Any CPU.Build.0 = Release|Any CPU
	EndGlobalSection
	GlobalSection(SolutionProperties) = preSolution
		HideSolutionNode = FALSE
	EndGlobalSection
	GlobalSection(ExtensibilityGlobals) = postSolution
		SolutionGuid = {6080CBE7-934A-48B4-8054-F7F2633CAE61}
	EndGlobalSection
EndGlobal
